// !$*UTF8*$!
{
	archiveVersion = 1;
	classes = {
	};
	objectVersion = 46;
	objects = {

/* Begin PBXBuildFile section */
		833CE3651AF323200059700B /* main.m in Sources */ = {isa = PBXBuildFile; fileRef = 833CE3641AF323200059700B /* main.m */; };
		833CE3681AF323200059700B /* AppDelegate.m in Sources */ = {isa = PBXBuildFile; fileRef = 833CE3671AF323200059700B /* AppDelegate.m */; };
		833CE36B1AF323200059700B /* ViewController.m in Sources */ = {isa = PBXBuildFile; fileRef = 833CE36A1AF323200059700B /* ViewController.m */; };
		833CE36E1AF323200059700B /* Main.storyboard in Resources */ = {isa = PBXBuildFile; fileRef = 833CE36C1AF323200059700B /* Main.storyboard */; };
		833CE3701AF323200059700B /* Images.xcassets in Resources */ = {isa = PBXBuildFile; fileRef = 833CE36F1AF323200059700B /* Images.xcassets */; };
		833CE3731AF323200059700B /* LaunchScreen.xib in Resources */ = {isa = PBXBuildFile; fileRef = 833CE3711AF323200059700B /* LaunchScreen.xib */; };
		833CE37F1AF323200059700B /* mapTestTests.m in Sources */ = {isa = PBXBuildFile; fileRef = 833CE37E1AF323200059700B /* mapTestTests.m */; };
		833CE3891AF34DAE0059700B /* MapKit.framework in Frameworks */ = {isa = PBXBuildFile; fileRef = 833CE3881AF34DAE0059700B /* MapKit.framework */; };
		833CE38B1AF34DB60059700B /* CoreLocation.framework in Frameworks */ = {isa = PBXBuildFile; fileRef = 833CE38A1AF34DB60059700B /* CoreLocation.framework */; };
		833CE38E1AF359A80059700B /* SSAnnotation.m in Sources */ = {isa = PBXBuildFile; fileRef = 833CE38D1AF359A80059700B /* SSAnnotation.m */; };
		833CE3901AF35B700059700B /* new_likebtn_on.png in Resources */ = {isa = PBXBuildFile; fileRef = 833CE38F1AF35B700059700B /* new_likebtn_on.png */; };
		833E650D1B12FAEF009B8037 /* CollectionView.m in Sources */ = {isa = PBXBuildFile; fileRef = 833E650C1B12FAEF009B8037 /* CollectionView.m */; };
		833E65101B12FB06009B8037 /* CollectionViewCell.m in Sources */ = {isa = PBXBuildFile; fileRef = 833E650F1B12FB06009B8037 /* CollectionViewCell.m */; };
		833E65161B12FC47009B8037 /* 1.jpeg in Resources */ = {isa = PBXBuildFile; fileRef = 833E65111B12FC47009B8037 /* 1.jpeg */; };
		833E65171B12FC47009B8037 /* 2.jpeg in Resources */ = {isa = PBXBuildFile; fileRef = 833E65121B12FC47009B8037 /* 2.jpeg */; };
		833E65181B12FC47009B8037 /* 3.jpeg in Resources */ = {isa = PBXBuildFile; fileRef = 833E65131B12FC47009B8037 /* 3.jpeg */; };
		833E65191B12FC47009B8037 /* 4.jpeg in Resources */ = {isa = PBXBuildFile; fileRef = 833E65141B12FC47009B8037 /* 4.jpeg */; };
		833E651A1B12FC47009B8037 /* 5.jpeg in Resources */ = {isa = PBXBuildFile; fileRef = 833E65151B12FC47009B8037 /* 5.jpeg */; };
		833E651D1B13069E009B8037 /* CollectionWrapView.m in Sources */ = {isa = PBXBuildFile; fileRef = 833E651C1B13069E009B8037 /* CollectionWrapView.m */; };
/* End PBXBuildFile section */

/* Begin PBXContainerItemProxy section */
		833CE3791AF323200059700B /* PBXContainerItemProxy */ = {
			isa = PBXContainerItemProxy;
			containerPortal = 833CE3571AF323200059700B /* Project object */;
			proxyType = 1;
			remoteGlobalIDString = 833CE35E1AF323200059700B;
			remoteInfo = mapTest;
		};
/* End PBXContainerItemProxy section */

/* Begin PBXFileReference section */
		833CE35F1AF323200059700B /* mapTest.app */ = {isa = PBXFileReference; explicitFileType = wrapper.application; includeInIndex = 0; path = mapTest.app; sourceTree = BUILT_PRODUCTS_DIR; };
		833CE3631AF323200059700B /* Info.plist */ = {isa = PBXFileReference; lastKnownFileType = text.plist.xml; path = Info.plist; sourceTree = "<group>"; };
		833CE3641AF323200059700B /* main.m */ = {isa = PBXFileReference; lastKnownFileType = sourcecode.c.objc; path = main.m; sourceTree = "<group>"; };
		833CE3661AF323200059700B /* AppDelegate.h */ = {isa = PBXFileReference; lastKnownFileType = sourcecode.c.h; path = AppDelegate.h; sourceTree = "<group>"; };
		833CE3671AF323200059700B /* AppDelegate.m */ = {isa = PBXFileReference; lastKnownFileType = sourcecode.c.objc; path = AppDelegate.m; sourceTree = "<group>"; };
		833CE3691AF323200059700B /* ViewController.h */ = {isa = PBXFileReference; lastKnownFileType = sourcecode.c.h; path = ViewController.h; sourceTree = "<group>"; };
		833CE36A1AF323200059700B /* ViewController.m */ = {isa = PBXFileReference; lastKnownFileType = sourcecode.c.objc; path = ViewController.m; sourceTree = "<group>"; };
		833CE36D1AF323200059700B /* Base */ = {isa = PBXFileReference; lastKnownFileType = file.storyboard; name = Base; path = Base.lproj/Main.storyboard; sourceTree = "<group>"; };
		833CE36F1AF323200059700B /* Images.xcassets */ = {isa = PBXFileReference; lastKnownFileType = folder.assetcatalog; path = Images.xcassets; sourceTree = "<group>"; };
		833CE3721AF323200059700B /* Base */ = {isa = PBXFileReference; lastKnownFileType = file.xib; name = Base; path = Base.lproj/LaunchScreen.xib; sourceTree = "<group>"; };
		833CE3781AF323200059700B /* mapTestTests.xctest */ = {isa = PBXFileReference; explicitFileType = wrapper.cfbundle; includeInIndex = 0; path = mapTestTests.xctest; sourceTree = BUILT_PRODUCTS_DIR; };
		833CE37D1AF323200059700B /* Info.plist */ = {isa = PBXFileReference; lastKnownFileType = text.plist.xml; path = Info.plist; sourceTree = "<group>"; };
		833CE37E1AF323200059700B /* mapTestTests.m */ = {isa = PBXFileReference; lastKnownFileType = sourcecode.c.objc; path = mapTestTests.m; sourceTree = "<group>"; };
		833CE3881AF34DAE0059700B /* MapKit.framework */ = {isa = PBXFileReference; lastKnownFileType = wrapper.framework; name = MapKit.framework; path = System/Library/Frameworks/MapKit.framework; sourceTree = SDKROOT; };
		833CE38A1AF34DB60059700B /* CoreLocation.framework */ = {isa = PBXFileReference; lastKnownFileType = wrapper.framework; name = CoreLocation.framework; path = System/Library/Frameworks/CoreLocation.framework; sourceTree = SDKROOT; };
		833CE38C1AF359A80059700B /* SSAnnotation.h */ = {isa = PBXFileReference; fileEncoding = 4; lastKnownFileType = sourcecode.c.h; path = SSAnnotation.h; sourceTree = "<group>"; };
		833CE38D1AF359A80059700B /* SSAnnotation.m */ = {isa = PBXFileReference; fileEncoding = 4; lastKnownFileType = sourcecode.c.objc; path = SSAnnotation.m; sourceTree = "<group>"; };
		833CE38F1AF35B700059700B /* new_likebtn_on.png */ = {isa = PBXFileReference; lastKnownFileType = image.png; path = new_likebtn_on.png; sourceTree = "<group>"; };
		833E650B1B12FAEF009B8037 /* CollectionView.h */ = {isa = PBXFileReference; fileEncoding = 4; lastKnownFileType = sourcecode.c.h; path = CollectionView.h; sourceTree = "<group>"; };
		833E650C1B12FAEF009B8037 /* CollectionView.m */ = {isa = PBXFileReference; fileEncoding = 4; lastKnownFileType = sourcecode.c.objc; path = CollectionView.m; sourceTree = "<group>"; };
		833E650E1B12FB06009B8037 /* CollectionViewCell.h */ = {isa = PBXFileReference; fileEncoding = 4; lastKnownFileType = sourcecode.c.h; path = CollectionViewCell.h; sourceTree = "<group>"; };
		833E650F1B12FB06009B8037 /* CollectionViewCell.m */ = {isa = PBXFileReference; fileEncoding = 4; lastKnownFileType = sourcecode.c.objc; path = CollectionViewCell.m; sourceTree = "<group>"; };
		833E65111B12FC47009B8037 /* 1.jpeg */ = {isa = PBXFileReference; lastKnownFileType = image.jpeg; path = 1.jpeg; sourceTree = "<group>"; };
		833E65121B12FC47009B8037 /* 2.jpeg */ = {isa = PBXFileReference; lastKnownFileType = image.jpeg; path = 2.jpeg; sourceTree = "<group>"; };
		833E65131B12FC47009B8037 /* 3.jpeg */ = {isa = PBXFileReference; lastKnownFileType = image.jpeg; path = 3.jpeg; sourceTree = "<group>"; };
		833E65141B12FC47009B8037 /* 4.jpeg */ = {isa = PBXFileReference; lastKnownFileType = image.jpeg; path = 4.jpeg; sourceTree = "<group>"; };
		833E65151B12FC47009B8037 /* 5.jpeg */ = {isa = PBXFileReference; lastKnownFileType = image.jpeg; path = 5.jpeg; sourceTree = "<group>"; };
		833E651B1B13069E009B8037 /* CollectionWrapView.h */ = {isa = PBXFileReference; fileEncoding = 4; lastKnownFileType = sourcecode.c.h; path = CollectionWrapView.h; sourceTree = "<group>"; };
		833E651C1B13069E009B8037 /* CollectionWrapView.m */ = {isa = PBXFileReference; fileEncoding = 4; lastKnownFileType = sourcecode.c.objc; path = CollectionWrapView.m; sourceTree = "<group>"; };
/* End PBXFileReference section */

/* Begin PBXFrameworksBuildPhase section */
		833CE35C1AF323200059700B /* Frameworks */ = {
			isa = PBXFrameworksBuildPhase;
			buildActionMask = 2147483647;
			files = (
				833CE38B1AF34DB60059700B /* CoreLocation.framework in Frameworks */,
				833CE3891AF34DAE0059700B /* MapKit.framework in Frameworks */,
			);
			runOnlyForDeploymentPostprocessing = 0;
		};
		833CE3751AF323200059700B /* Frameworks */ = {
			isa = PBXFrameworksBuildPhase;
			buildActionMask = 2147483647;
			files = (
			);
			runOnlyForDeploymentPostprocessing = 0;
		};
/* End PBXFrameworksBuildPhase section */

/* Begin PBXGroup section */
		833CE3561AF323200059700B = {
			isa = PBXGroup;
			children = (
				833CE38A1AF34DB60059700B /* CoreLocation.framework */,
				833CE3881AF34DAE0059700B /* MapKit.framework */,
				833CE3611AF323200059700B /* mapTest */,
				833CE37B1AF323200059700B /* mapTestTests */,
				833CE3601AF323200059700B /* Products */,
			);
			sourceTree = "<group>";
		};
		833CE3601AF323200059700B /* Products */ = {
			isa = PBXGroup;
			children = (
				833CE35F1AF323200059700B /* mapTest.app */,
				833CE3781AF323200059700B /* mapTestTests.xctest */,
			);
			name = Products;
			sourceTree = "<group>";
		};
		833CE3611AF323200059700B /* mapTest */ = {
			isa = PBXGroup;
			children = (
				833E65111B12FC47009B8037 /* 1.jpeg */,
				833E65121B12FC47009B8037 /* 2.jpeg */,
				833E65131B12FC47009B8037 /* 3.jpeg */,
				833E65141B12FC47009B8037 /* 4.jpeg */,
				833E65151B12FC47009B8037 /* 5.jpeg */,
				833CE38F1AF35B700059700B /* new_likebtn_on.png */,
				833CE3661AF323200059700B /* AppDelegate.h */,
				833CE3671AF323200059700B /* AppDelegate.m */,
				833CE3691AF323200059700B /* ViewController.h */,
				833CE36A1AF323200059700B /* ViewController.m */,
				833CE36C1AF323200059700B /* Main.storyboard */,
				833CE36F1AF323200059700B /* Images.xcassets */,
				833CE3711AF323200059700B /* LaunchScreen.xib */,
				833CE3621AF323200059700B /* Supporting Files */,
				833CE38C1AF359A80059700B /* SSAnnotation.h */,
				833CE38D1AF359A80059700B /* SSAnnotation.m */,
				833E650B1B12FAEF009B8037 /* CollectionView.h */,
				833E650C1B12FAEF009B8037 /* CollectionView.m */,
				833E650E1B12FB06009B8037 /* CollectionViewCell.h */,
				833E650F1B12FB06009B8037 /* CollectionViewCell.m */,
				833E651B1B13069E009B8037 /* CollectionWrapView.h */,
				833E651C1B13069E009B8037 /* CollectionWrapView.m */,
			);
			path = mapTest;
			sourceTree = "<group>";
		};
		833CE3621AF323200059700B /* Supporting Files */ = {
			isa = PBXGroup;
			children = (
				833CE3631AF323200059700B /* Info.plist */,
				833CE3641AF323200059700B /* main.m */,
			);
			name = "Supporting Files";
			sourceTree = "<group>";
		};
		833CE37B1AF323200059700B /* mapTestTests */ = {
			isa = PBXGroup;
			children = (
				833CE37E1AF323200059700B /* mapTestTests.m */,
				833CE37C1AF323200059700B /* Supporting Files */,
			);
			path = mapTestTests;
			sourceTree = "<group>";
		};
		833CE37C1AF323200059700B /* Supporting Files */ = {
			isa = PBXGroup;
			children = (
				833CE37D1AF323200059700B /* Info.plist */,
			);
			name = "Supporting Files";
			sourceTree = "<group>";
		};
/* End PBXGroup section */

/* Begin PBXNativeTarget section */
		833CE35E1AF323200059700B /* mapTest */ = {
			isa = PBXNativeTarget;
			buildConfigurationList = 833CE3821AF323200059700B /* Build configuration list for PBXNativeTarget "mapTest" */;
			buildPhases = (
				833CE35B1AF323200059700B /* Sources */,
				833CE35C1AF323200059700B /* Frameworks */,
				833CE35D1AF323200059700B /* Resources */,
			);
			buildRules = (
			);
			dependencies = (
			);
			name = mapTest;
			productName = mapTest;
			productReference = 833CE35F1AF323200059700B /* mapTest.app */;
			productType = "com.apple.product-type.application";
		};
		833CE3771AF323200059700B /* mapTestTests */ = {
			isa = PBXNativeTarget;
			buildConfigurationList = 833CE3851AF323200059700B /* Build configuration list for PBXNativeTarget "mapTestTests" */;
			buildPhases = (
				833CE3741AF323200059700B /* Sources */,
				833CE3751AF323200059700B /* Frameworks */,
				833CE3761AF323200059700B /* Resources */,
			);
			buildRules = (
			);
			dependencies = (
				833CE37A1AF323200059700B /* PBXTargetDependency */,
			);
			name = mapTestTests;
			productName = mapTestTests;
			productReference = 833CE3781AF323200059700B /* mapTestTests.xctest */;
			productType = "com.apple.product-type.bundle.unit-test";
		};
/* End PBXNativeTarget section */

/* Begin PBXProject section */
		833CE3571AF323200059700B /* Project object */ = {
			isa = PBXProject;
			attributes = {
				LastUpgradeCheck = 0630;
				ORGANIZATIONNAME = lsr;
				TargetAttributes = {
					833CE35E1AF323200059700B = {
						CreatedOnToolsVersion = 6.3;
					};
					833CE3771AF323200059700B = {
						CreatedOnToolsVersion = 6.3;
						TestTargetID = 833CE35E1AF323200059700B;
					};
				};
			};
			buildConfigurationList = 833CE35A1AF323200059700B /* Build configuration list for PBXProject "mapTest" */;
			compatibilityVersion = "Xcode 3.2";
			developmentRegion = English;
			hasScannedForEncodings = 0;
			knownRegions = (
				en,
				Base,
			);
			mainGroup = 833CE3561AF323200059700B;
			productRefGroup = 833CE3601AF323200059700B /* Products */;
			projectDirPath = "";
			projectRoot = "";
			targets = (
				833CE35E1AF323200059700B /* mapTest */,
				833CE3771AF323200059700B /* mapTestTests */,
			);
		};
/* End PBXProject section */

/* Begin PBXResourcesBuildPhase section */
		833CE35D1AF323200059700B /* Resources */ = {
			isa = PBXResourcesBuildPhase;
			buildActionMask = 2147483647;
			files = (
				833E65161B12FC47009B8037 /* 1.jpeg in Resources */,
				833CE36E1AF323200059700B /* Main.storyboard in Resources */,
				833E651A1B12FC47009B8037 /* 5.jpeg in Resources */,
				833E65171B12FC47009B8037 /* 2.jpeg in Resources */,
				833CE3731AF323200059700B /* LaunchScreen.xib in Resources */,
				833CE3701AF323200059700B /* Images.xcassets in Resources */,
				833E65181B12FC47009B8037 /* 3.jpeg in Resources */,
				833E65191B12FC47009B8037 /* 4.jpeg in Resources */,
				833CE3901AF35B700059700B /* new_likebtn_on.png in Resources */,
			);
			runOnlyForDeploymentPostprocessing = 0;
		};
		833CE3761AF323200059700B /* Resources */ = {
			isa = PBXResourcesBuildPhase;
			buildActionMask = 2147483647;
			files = (
			);
			runOnlyForDeploymentPostprocessing = 0;
		};
/* End PBXResourcesBuildPhase section */

/* Begin PBXSourcesBuildPhase section */
		833CE35B1AF323200059700B /* Sources */ = {
			isa = PBXSourcesBuildPhase;
			buildActionMask = 2147483647;
			files = (
				833E65101B12FB06009B8037 /* CollectionViewCell.m in Sources */,
				833CE36B1AF323200059700B /* ViewController.m in Sources */,
				833CE3681AF323200059700B /* AppDelegate.m in Sources */,
				833E650D1B12FAEF009B8037 /* CollectionView.m in Sources */,
				833CE38E1AF359A80059700B /* SSAnnotation.m in Sources */,
				833E651D1B13069E009B8037 /* CollectionWrapView.m in Sources */,
				833CE3651AF323200059700B /* main.m in Sources */,
			);
			runOnlyForDeploymentPostprocessing = 0;
		};
		833CE3741AF323200059700B /* Sources */ = {
			isa = PBXSourcesBuildPhase;
			buildActionMask = 2147483647;
			files = (
				833CE37F1AF323200059700B /* mapTestTests.m in Sources */,
			);
			runOnlyForDeploymentPostprocessing = 0;
		};
/* End PBXSourcesBuildPhase section */

/* Begin PBXTargetDependency section */
		833CE37A1AF323200059700B /* PBXTargetDependency */ = {
			isa = PBXTargetDependency;
			target = 833CE35E1AF323200059700B /* mapTest */;
			targetProxy = 833CE3791AF323200059700B /* PBXContainerItemProxy */;
		};
/* End PBXTargetDependency section */

/* Begin PBXVariantGroup section */
		833CE36C1AF323200059700B /* Main.storyboard */ = {
			isa = PBXVariantGroup;
			children = (
				833CE36D1AF323200059700B /* Base */,
			);
			name = Main.storyboard;
			sourceTree = "<group>";
		};
		833CE3711AF323200059700B /* LaunchScreen.xib */ = {
			isa = PBXVariantGroup;
			children = (
				833CE3721AF323200059700B /* Base */,
			);
			name = LaunchScreen.xib;
			sourceTree = "<group>";
		};
/* End PBXVariantGroup section */

/* Begin XCBuildConfiguration section */
		833CE3801AF323200059700B /* Debug */ = {
			isa = XCBuildConfiguration;
			buildSettings = {
				ALWAYS_SEARCH_USER_PATHS = NO;
				CLANG_CXX_LANGUAGE_STANDARD = "gnu++0x";
				CLANG_CXX_LIBRARY = "libc++";
				CLANG_ENABLE_MODULES = YES;
				CLANG_ENABLE_OBJC_ARC = YES;
				CLANG_WARN_BOOL_CONVERSION = YES;
				CLANG_WARN_CONSTANT_CONVERSION = YES;
				CLANG_WARN_DIRECT_OBJC_ISA_USAGE = YES_ERROR;
				CLANG_WARN_EMPTY_BODY = YES;
				CLANG_WARN_ENUM_CONVERSION = YES;
				CLANG_WARN_INT_CONVERSION = YES;
				CLANG_WARN_OBJC_ROOT_CLASS = YES_ERROR;
				CLANG_WARN_UNREACHABLE_CODE = YES;
				CLANG_WARN__DUPLICATE_METHOD_MATCH = YES;
				"CODE_SIGN_IDENTITY[sdk=iphoneos*]" = "iPhone Developer";
				COPY_PHASE_STRIP = NO;
				DEBUG_INFORMATION_FORMAT = "dwarf-with-dsym";
				ENABLE_STRICT_OBJC_MSGSEND = YES;
				GCC_C_LANGUAGE_STANDARD = gnu99;
				GCC_DYNAMIC_NO_PIC = NO;
				GCC_NO_COMMON_BLOCKS = YES;
				GCC_OPTIMIZATION_LEVEL = 0;
				GCC_PREPROCESSOR_DEFINITIONS = (
					"DEBUG=1",
					"$(inherited)",
				);
				GCC_SYMBOLS_PRIVATE_EXTERN = NO;
				GCC_WARN_64_TO_32_BIT_CONVERSION = YES;
				GCC_WARN_ABOUT_RETURN_TYPE = YES_ERROR;
				GCC_WARN_UNDECLARED_SELECTOR = YES;
				GCC_WARN_UNINITIALIZED_AUTOS = YES_AGGRESSIVE;
				GCC_WARN_UNUSED_FUNCTION = YES;
				GCC_WARN_UNUSED_VARIABLE = YES;
				IPHONEOS_DEPLOYMENT_TARGET = 8.3;
				MTL_ENABLE_DEBUG_INFO = YES;
				ONLY_ACTIVE_ARCH = YES;
				SDKROOT = iphoneos;
			};
			name = Debug;
		};
		833CE3811AF323200059700B /* Release */ = {
			isa = XCBuildConfiguration;
			buildSettings = {
				ALWAYS_SEARCH_USER_PATHS = NO;
				CLANG_CXX_LANGUAGE_STANDARD = "gnu++0x";
				CLANG_CXX_LIBRARY = "libc++";
				CLANG_ENABLE_MODULES = YES;
				CLANG_ENABLE_OBJC_ARC = YES;
				CLANG_WARN_BOOL_CONVERSION = YES;
				CLANG_WARN_CONSTANT_CONVERSION = YES;
				CLANG_WARN_DIRECT_OBJC_ISA_USAGE = YES_ERROR;
				CLANG_WARN_EMPTY_BODY = YES;
				CLANG_WARN_ENUM_CONVERSION = YES;
				CLANG_WARN_INT_CONVERSION = YES;
				CLANG_WARN_OBJC_ROOT_CLASS = YES_ERROR;
				CLANG_WARN_UNREACHABLE_CODE = YES;
				CLANG_WARN__DUPLICATE_METHOD_MATCH = YES;
				"CODE_SIGN_IDENTITY[sdk=iphoneos*]" = "iPhone Developer";
				COPY_PHASE_STRIP = NO;
				DEBUG_INFORMATION_FORMAT = "dwarf-with-dsym";
				ENABLE_NS_ASSERTIONS = NO;
				ENABLE_STRICT_OBJC_MSGSEND = YES;
				GCC_C_LANGUAGE_STANDARD = gnu99;
				GCC_NO_COMMON_BLOCKS = YES;
				GCC_WARN_64_TO_32_BIT_CONVERSION = YES;
				GCC_WARN_ABOUT_RETURN_TYPE = YES_ERROR;
				GCC_WARN_UNDECLARED_SELECTOR = YES;
				GCC_WARN_UNINITIALIZED_AUTOS = YES_AGGRESSIVE;
				GCC_WARN_UNUSED_FUNCTION = YES;
				GCC_WARN_UNUSED_VARIABLE = YES;
				IPHONEOS_DEPLOYMENT_TARGET = 8.3;
				MTL_ENABLE_DEBUG_INFO = NO;
				SDKROOT = iphoneos;
				VALIDATE_PRODUCT = YES;
			};
			name = Release;
		};
		833CE3831AF323200059700B /* Debug */ = {
			isa = XCBuildConfiguration;
			buildSettings = {
				ASSETCATALOG_COMPILER_APPICON_NAME = AppIcon;
				INFOPLIST_FILE = mapTest/Info.plist;
				LD_RUNPATH_SEARCH_PATHS = "$(inherited) @executable_path/Frameworks";
				PRODUCT_NAME = "$(TARGET_NAME)";
			};
			name = Debug;
		};
		833CE3841AF323200059700B /* Release */ = {
			isa = XCBuildConfiguration;
			buildSettings = {
				ASSETCATALOG_COMPILER_APPICON_NAME = AppIcon;
				INFOPLIST_FILE = mapTest/Info.plist;
				LD_RUNPATH_SEARCH_PATHS = "$(inherited) @executable_path/Frameworks";
				PRODUCT_NAME = "$(TARGET_NAME)";
			};
			name = Release;
		};
		833CE3861AF323200059700B /* Debug */ = {
			isa = XCBuildConfiguration;
			buildSettings = {
				BUNDLE_LOADER = "$(TEST_HOST)";
				FRAMEWORK_SEARCH_PATHS = (
					"$(SDKROOT)/Developer/Library/Frameworks",
					"$(inherited)",
				);
				GCC_PREPROCESSOR_DEFINITIONS = (
					"DEBUG=1",
					"$(inherited)",
				);
				INFOPLIST_FILE = mapTestTests/Info.plist;
				LD_RUNPATH_SEARCH_PATHS = "$(inherited) @executable_path/Frameworks @loader_path/Frameworks";
				PRODUCT_NAME = "$(TARGET_NAME)";
				TEST_HOST = "$(BUILT_PRODUCTS_DIR)/mapTest.app/mapTest";
			};
			name = Debug;
		};
		833CE3871AF323200059700B /* Release */ = {
			isa = XCBuildConfiguration;
			buildSettings = {
				BUNDLE_LOADER = "$(TEST_HOST)";
				FRAMEWORK_SEARCH_PATHS = (
					"$(SDKROOT)/Developer/Library/Frameworks",
					"$(inherited)",
				);
				INFOPLIST_FILE = mapTestTests/Info.plist;
				LD_RUNPATH_SEARCH_PATHS = "$(inherited) @executable_path/Frameworks @loader_path/Frameworks";
				PRODUCT_NAME = "$(TARGET_NAME)";
				TEST_HOST = "$(BUILT_PRODUCTS_DIR)/mapTest.app/mapTest";
			};
			name = Release;
		};
/* End XCBuildConfiguration section */

/* Begin XCConfigurationList section */
		833CE35A1AF323200059700B /* Build configuration list for PBXProject "mapTest" */ = {
			isa = XCConfigurationList;
			buildConfigurations = (
				833CE3801AF323200059700B /* Debug */,
				833CE3811AF323200059700B /* Release */,
			);
			defaultConfigurationIsVisible = 0;
			defaultConfigurationName = Release;
		};
		833CE3821AF323200059700B /* Build configuration list for PBXNativeTarget "mapTest" */ = {
			isa = XCConfigurationList;
			buildConfigurations = (
				833CE3831AF323200059700B /* Debug */,
				833CE3841AF323200059700B /* Release */,
			);
			defaultConfigurationIsVisible = 0;
			defaultConfigurationName = Release;
		};
		833CE3851AF323200059700B /* Build configuration list for PBXNativeTarget "mapTestTests" */ = {
			isa = XCConfigurationList;
			buildConfigurations = (
				833CE3861AF323200059700B /* Debug */,
				833CE3871AF323200059700B /* Release */,
			);
			defaultConfigurationIsVisible = 0;
			defaultConfigurationName = Release;
		};
/* End XCConfigurationList section */
	};
	rootObject = 833CE3571AF323200059700B /* Project object */;
}
